// !$*UTF8*$!
{
	archiveVersion = 1;
	classes = {
	};
	objectVersion = 56;
	objects = {

/* Begin PBXBuildFile section */
		334B08822AC4D801207951A0 /* Assets.xcassets in Resources */ = {isa = PBXBuildFile; fileRef = 6F004D450518226D7B50A267 /* Assets.xcassets */; };
		45B5157CB6DC4BD490F119FC /* Pods_RedSiren.framework in Frameworks */ = {isa = PBXBuildFile; fileRef = EE2619BE51FCAF0FB9A9D2B9 /* Pods_RedSiren.framework */; };
		5CB93AF904772A9440AC765F /* ContentView.swift in Sources */ = {isa = PBXBuildFile; fileRef = 1E4056BAC32CC8AC7A9740CA /* ContentView.swift */; };
		7D03E7045F57CA28148D2CA4 /* Core.swift in Sources */ = {isa = PBXBuildFile; fileRef = 194A00C08EEF11C3CC1340EE /* Core.swift */; };
		831E091105B555E7D0085CF4 /* Preview Assets.xcassets in Resources */ = {isa = PBXBuildFile; fileRef = BEED0A11FB2044F35FBCD25B /* Preview Assets.xcassets */; };
		8CEEE500CE6BE0647260B67F /* SharedTypes in Frameworks */ = {isa = PBXBuildFile; productRef = 585C187420F6F4F4142F646D /* SharedTypes */; };
		91A375A39D8A4F827B873AF3 /* RedSirenApp.swift in Sources */ = {isa = PBXBuildFile; fileRef = 17F008C3C1A819A3D7658E59 /* RedSirenApp.swift */; };
		FA1248D22B279BDB00D6CEC8 /* MenuView.swift in Sources */ = {isa = PBXBuildFile; fileRef = FA1248D12B279BDB00D6CEC8 /* MenuView.swift */; };
		FA1248D42B2853A600D6CEC8 /* project_fonts in Resources */ = {isa = PBXBuildFile; fileRef = FA1248D32B2853A600D6CEC8 /* project_fonts */; };
		FA1F7C062B306D43001FABAC /* AboutView.swift in Sources */ = {isa = PBXBuildFile; fileRef = FA1F7C052B306D43001FABAC /* AboutView.swift */; };
		FA1F7C082B307A34001FABAC /* RedCardView.swift in Sources */ = {isa = PBXBuildFile; fileRef = FA1F7C072B307A34001FABAC /* RedCardView.swift */; };
		FA3CD9922B19D3010002E8FF /* Playback.swift in Sources */ = {isa = PBXBuildFile; fileRef = FA3CD9912B19D3010002E8FF /* Playback.swift */; };
		FAAA65362B09DFB500B1F5D1 /* IntroView.swift in Sources */ = {isa = PBXBuildFile; fileRef = FAAA65352B09DFB500B1F5D1 /* IntroView.swift */; };
		FAAA65382B09E0E100B1F5D1 /* InstrumentView.swift in Sources */ = {isa = PBXBuildFile; fileRef = FAAA65372B09E0E100B1F5D1 /* InstrumentView.swift */; };
		FAAA653A2B09EC8300B1F5D1 /* Intro.storyboard in Resources */ = {isa = PBXBuildFile; fileRef = FAAA65392B09EC8300B1F5D1 /* Intro.storyboard */; };
		FAAA653C2B0A23E500B1F5D1 /* AnimationClock.swift in Sources */ = {isa = PBXBuildFile; fileRef = FAAA653B2B0A23E500B1F5D1 /* AnimationClock.swift */; };
		FAC9D7452B2CA9D900372B53 /* ffirs.udl in Sources */ = {isa = PBXBuildFile; fileRef = FAC9D7442B2CA9D800372B53 /* ffirs.udl */; };
		FAC9D74E2B2CACF100372B53 /* libffirs_static.a in Frameworks */ = {isa = PBXBuildFile; fileRef = FAC9D7492B2CACE200372B53 /* libffirs_static.a */; };
/* End PBXBuildFile section */

/* Begin PBXBuildRule section */
		325AF1D41F320967DD15643C /* PBXBuildRule */ = {
			isa = PBXBuildRule;
			compilerSpec = com.apple.compilers.proxy.script;
			filePatterns = "*.udl";
			fileType = pattern.proxy;
			inputFiles = (
			);
			isEditable = 1;
			name = "Generate FFI";
			outputFiles = (
				"$(PROJECT_DIR)/generated/$(INPUT_FILE_BASE).swift",
				"$(PROJECT_DIR)/generated/$(INPUT_FILE_BASE)FFI.h",
			);
			outputFilesCompilerFlags = (
			);
			runOncePerArchitecture = 0;
			script = "#!/bin/bash\nset -e\n\n# Skip during indexing phase in XCode 13+\nif [ \"$ACTION\" == \"indexbuild\" ]; then\n  echo \"Not building *.udl files during indexing.\"\n  exit 0\nfi\n\n# Skip for preview builds\nif [ \"$ENABLE_PREVIEWS\" = \"YES\" ]; then\n  echo \"Not building *.udl files during preview builds.\"\n  exit 0\nfi\n\nfilename=$(basename -- \"$INPUT_FILE_NAME\")\nextension=\"${filename##*.}\"\nfilename=\"${filename%.*}\"\n\nexport PATH=\"$HOME/.cargo/bin:$PATH:/usr/local/bin:/opt/homebrew/bin\";\n\ncd \"${INPUT_FILE_DIR}/../..\"\n\n\n\"${BUILD_DIR}/${BUILD_TYPE}/uniffi-bindgen\" generate --library \"target/debug/lib${filename}.dylib\" --language swift --out-dir \"${PROJECT_DIR}/generated\"\n";
		};
/* End PBXBuildRule section */

/* Begin PBXContainerItemProxy section */
		FAC9D73B2B2CA41300372B53 /* PBXContainerItemProxy */ = {
			isa = PBXContainerItemProxy;
			containerPortal = FAC9D7312B2CA41200372B53 /* uniffi-bindgen.xcodeproj */;
			proxyType = 2;
			remoteGlobalIDString = CA024C604E778109328FB0D5;
			remoteInfo = "uniffi-bindgen-bin";
		};
		FAC9D7482B2CACE200372B53 /* PBXContainerItemProxy */ = {
			isa = PBXContainerItemProxy;
			containerPortal = FAC9D7312B2CA41200372B53 /* uniffi-bindgen.xcodeproj */;
			proxyType = 2;
			remoteGlobalIDString = CA008D52D11A660CC13A153F;
			remoteInfo = "ffirs-staticlib";
		};
		FAC9D74A2B2CACE200372B53 /* PBXContainerItemProxy */ = {
			isa = PBXContainerItemProxy;
			containerPortal = FAC9D7312B2CA41200372B53 /* uniffi-bindgen.xcodeproj */;
			proxyType = 2;
			remoteGlobalIDString = CA010BC8801E593EC81F498D;
			remoteInfo = "ffirs-cdylib";
		};
		FAC9D74C2B2CACE600372B53 /* PBXContainerItemProxy */ = {
			isa = PBXContainerItemProxy;
			containerPortal = FAC9D7312B2CA41200372B53 /* uniffi-bindgen.xcodeproj */;
			proxyType = 1;
			remoteGlobalIDString = CA008D52D11A3B800E696F07;
			remoteInfo = "ffirs-staticlib";
		};
		FAC9D7512B2D631900372B53 /* PBXContainerItemProxy */ = {
			isa = PBXContainerItemProxy;
			containerPortal = FAC9D7312B2CA41200372B53 /* uniffi-bindgen.xcodeproj */;
			proxyType = 1;
			remoteGlobalIDString = CA010BC8801EED898C1ED5C7;
			remoteInfo = "ffirs-cdylib";
		};
		FAC9D7532B2D631900372B53 /* PBXContainerItemProxy */ = {
			isa = PBXContainerItemProxy;
			containerPortal = FAC9D7312B2CA41200372B53 /* uniffi-bindgen.xcodeproj */;
			proxyType = 1;
			remoteGlobalIDString = CA024C604E771DB2CCB25D48;
			remoteInfo = "uniffi-bindgen-bin";
		};
/* End PBXContainerItemProxy section */

/* Begin PBXFileReference section */
		17F008C3C1A819A3D7658E59 /* RedSirenApp.swift */ = {isa = PBXFileReference; lastKnownFileType = sourcecode.swift; path = RedSirenApp.swift; sourceTree = "<group>"; };
		194A00C08EEF11C3CC1340EE /* Core.swift */ = {isa = PBXFileReference; lastKnownFileType = sourcecode.swift; path = Core.swift; sourceTree = "<group>"; };
		1E4056BAC32CC8AC7A9740CA /* ContentView.swift */ = {isa = PBXFileReference; lastKnownFileType = sourcecode.swift; path = ContentView.swift; sourceTree = "<group>"; };
		457F08D9BCEE7D38DA310B0D /* Pods-RedSiren.release.xcconfig */ = {isa = PBXFileReference; includeInIndex = 1; lastKnownFileType = text.xcconfig; name = "Pods-RedSiren.release.xcconfig"; path = "Target Support Files/Pods-RedSiren/Pods-RedSiren.release.xcconfig"; sourceTree = "<group>"; };
		6F004D450518226D7B50A267 /* Assets.xcassets */ = {isa = PBXFileReference; lastKnownFileType = folder.assetcatalog; path = Assets.xcassets; sourceTree = "<group>"; };
		85AA482E612CD48B918497C9 /* RedSiren.app */ = {isa = PBXFileReference; explicitFileType = wrapper.application; includeInIndex = 0; path = RedSiren.app; sourceTree = BUILT_PRODUCTS_DIR; };
		B159CE6ED67571255C05D2C3 /* SharedTypes */ = {isa = PBXFileReference; lastKnownFileType = folder; name = SharedTypes; path = ../shared_types/generated/swift/SharedTypes; sourceTree = SOURCE_ROOT; };
		BA04D6CC7F18E9A653D26BDD /* Info.plist */ = {isa = PBXFileReference; lastKnownFileType = text.plist; path = Info.plist; sourceTree = "<group>"; };
		BEED0A11FB2044F35FBCD25B /* Preview Assets.xcassets */ = {isa = PBXFileReference; lastKnownFileType = folder.assetcatalog; path = "Preview Assets.xcassets"; sourceTree = "<group>"; };
		CB737D623C3D7CA99A86C4B0 /* Pods-RedSiren.debug.xcconfig */ = {isa = PBXFileReference; includeInIndex = 1; lastKnownFileType = text.xcconfig; name = "Pods-RedSiren.debug.xcconfig"; path = "Target Support Files/Pods-RedSiren/Pods-RedSiren.debug.xcconfig"; sourceTree = "<group>"; };
		EE2619BE51FCAF0FB9A9D2B9 /* Pods_RedSiren.framework */ = {isa = PBXFileReference; explicitFileType = wrapper.framework; includeInIndex = 0; path = Pods_RedSiren.framework; sourceTree = BUILT_PRODUCTS_DIR; };
		FA1248D12B279BDB00D6CEC8 /* MenuView.swift */ = {isa = PBXFileReference; lastKnownFileType = sourcecode.swift; path = MenuView.swift; sourceTree = "<group>"; };
		FA1248D32B2853A600D6CEC8 /* project_fonts */ = {isa = PBXFileReference; lastKnownFileType = folder; path = project_fonts; sourceTree = "<group>"; };
		FA1248E62B28744900D6CEC8 /* generated */ = {isa = PBXFileReference; lastKnownFileType = text; path = generated; sourceTree = SOURCE_ROOT; };
		FA1F7C052B306D43001FABAC /* AboutView.swift */ = {isa = PBXFileReference; lastKnownFileType = sourcecode.swift; path = AboutView.swift; sourceTree = "<group>"; };
		FA1F7C072B307A34001FABAC /* RedCardView.swift */ = {isa = PBXFileReference; lastKnownFileType = sourcecode.swift; path = RedCardView.swift; sourceTree = "<group>"; };
		FA3CD9912B19D3010002E8FF /* Playback.swift */ = {isa = PBXFileReference; lastKnownFileType = sourcecode.swift; path = Playback.swift; sourceTree = "<group>"; };
		FAAA65352B09DFB500B1F5D1 /* IntroView.swift */ = {isa = PBXFileReference; lastKnownFileType = sourcecode.swift; path = IntroView.swift; sourceTree = "<group>"; };
		FAAA65372B09E0E100B1F5D1 /* InstrumentView.swift */ = {isa = PBXFileReference; lastKnownFileType = sourcecode.swift; path = InstrumentView.swift; sourceTree = "<group>"; };
		FAAA65392B09EC8300B1F5D1 /* Intro.storyboard */ = {isa = PBXFileReference; lastKnownFileType = file.storyboard; path = Intro.storyboard; sourceTree = "<group>"; };
		FAAA653B2B0A23E500B1F5D1 /* AnimationClock.swift */ = {isa = PBXFileReference; lastKnownFileType = sourcecode.swift; path = AnimationClock.swift; sourceTree = "<group>"; };
		FAAA9AD32B1DC801003CCCD8 /* RedSiren.entitlements */ = {isa = PBXFileReference; lastKnownFileType = text.plist.entitlements; path = RedSiren.entitlements; sourceTree = "<group>"; };
		FAC9D7312B2CA41200372B53 /* uniffi-bindgen.xcodeproj */ = {isa = PBXFileReference; lastKnownFileType = "wrapper.pb-project"; name = "uniffi-bindgen.xcodeproj"; path = "../uniffi-bindgen/uniffi-bindgen.xcodeproj"; sourceTree = "<group>"; };
		FAC9D7442B2CA9D800372B53 /* ffirs.udl */ = {isa = PBXFileReference; fileEncoding = 4; lastKnownFileType = text; name = ffirs.udl; path = "../../uniffi-bindgen/src/ffirs.udl"; sourceTree = "<group>"; };
/* End PBXFileReference section */

/* Begin PBXFrameworksBuildPhase section */
		32E37407E09C303EE44B4C29 /* Frameworks */ = {
			isa = PBXFrameworksBuildPhase;
			buildActionMask = 2147483647;
			files = (
				FAC9D74E2B2CACF100372B53 /* libffirs_static.a in Frameworks */,
				8CEEE500CE6BE0647260B67F /* SharedTypes in Frameworks */,
				45B5157CB6DC4BD490F119FC /* Pods_RedSiren.framework in Frameworks */,
			);
			runOnlyForDeploymentPostprocessing = 0;
		};
/* End PBXFrameworksBuildPhase section */

/* Begin PBXGroup section */
		0ECDC98F0209A1C6F2CAA14D /* RedSiren */ = {
			isa = PBXGroup;
			children = (
				FA1248E62B28744900D6CEC8 /* generated */,
				FAAA9AD32B1DC801003CCCD8 /* RedSiren.entitlements */,
				6F004D450518226D7B50A267 /* Assets.xcassets */,
				FA1248D32B2853A600D6CEC8 /* project_fonts */,
				17F008C3C1A819A3D7658E59 /* RedSirenApp.swift */,
				FA1F7C052B306D43001FABAC /* AboutView.swift */,
				1E4056BAC32CC8AC7A9740CA /* ContentView.swift */,
				FAAA65352B09DFB500B1F5D1 /* IntroView.swift */,
				FA1F7C072B307A34001FABAC /* RedCardView.swift */,
				FA1248D12B279BDB00D6CEC8 /* MenuView.swift */,
				FAAA653B2B0A23E500B1F5D1 /* AnimationClock.swift */,
				FAAA65372B09E0E100B1F5D1 /* InstrumentView.swift */,
				FA3CD9912B19D3010002E8FF /* Playback.swift */,
				194A00C08EEF11C3CC1340EE /* Core.swift */,
				FAAA65392B09EC8300B1F5D1 /* Intro.storyboard */,
				BA04D6CC7F18E9A653D26BDD /* Info.plist */,
				B5007F506D99687AEC368328 /* Preview Content */,
			);
			path = RedSiren;
			sourceTree = "<group>";
		};
		18763685152B49105C9B51B4 /* Pods */ = {
			isa = PBXGroup;
			children = (
				CB737D623C3D7CA99A86C4B0 /* Pods-RedSiren.debug.xcconfig */,
				457F08D9BCEE7D38DA310B0D /* Pods-RedSiren.release.xcconfig */,
			);
			path = Pods;
			sourceTree = "<group>";
		};
		2C7829583F1579E7AC74C08C /* src */ = {
			isa = PBXGroup;
			children = (
				FAC9D7442B2CA9D800372B53 /* ffirs.udl */,
			);
			name = src;
			path = ../shared/src;
			sourceTree = "<group>";
		};
		632E821FBB8ECA7154D2ED0E /* Projects */ = {
			isa = PBXGroup;
			children = (
				FAC9D7312B2CA41200372B53 /* uniffi-bindgen.xcodeproj */,
			);
			name = Projects;
			sourceTree = "<group>";
		};
		8603ECCCFC0ECC027AB147F8 /* Frameworks */ = {
			isa = PBXGroup;
			children = (
				EE2619BE51FCAF0FB9A9D2B9 /* Pods_RedSiren.framework */,
			);
			name = Frameworks;
			sourceTree = "<group>";
		};
		B5007F506D99687AEC368328 /* Preview Content */ = {
			isa = PBXGroup;
			children = (
				BEED0A11FB2044F35FBCD25B /* Preview Assets.xcassets */,
			);
			path = "Preview Content";
			sourceTree = "<group>";
		};
		C4A5B9BF461AAFDF4CBFCCBD = {
			isa = PBXGroup;
			children = (
				0ECDC98F0209A1C6F2CAA14D /* RedSiren */,
				CFF2128F5908E2CBC07A8E3E /* Packages */,
				2C7829583F1579E7AC74C08C /* src */,
				D3FCB02205D19ED1EDA7794F /* Products */,
				632E821FBB8ECA7154D2ED0E /* Projects */,
				18763685152B49105C9B51B4 /* Pods */,
				8603ECCCFC0ECC027AB147F8 /* Frameworks */,
			);
			sourceTree = "<group>";
		};
		CFF2128F5908E2CBC07A8E3E /* Packages */ = {
			isa = PBXGroup;
			children = (
				B159CE6ED67571255C05D2C3 /* SharedTypes */,
			);
			name = Packages;
			sourceTree = SOURCE_ROOT;
		};
		D3FCB02205D19ED1EDA7794F /* Products */ = {
			isa = PBXGroup;
			children = (
				85AA482E612CD48B918497C9 /* RedSiren.app */,
			);
			name = Products;
			sourceTree = "<group>";
		};
		FAC9D7322B2CA41200372B53 /* Products */ = {
			isa = PBXGroup;
			children = (
				FAC9D7492B2CACE200372B53 /* libffirs_static.a */,
				FAC9D74B2B2CACE200372B53 /* ffirs.dylib */,
				FAC9D73C2B2CA41300372B53 /* uniffi-bindgen */,
			);
			name = Products;
			sourceTree = "<group>";
		};
/* End PBXGroup section */

/* Begin PBXNativeTarget section */
		29E68E98E1C7D4DB6459D09A /* RedSiren */ = {
			isa = PBXNativeTarget;
			buildConfigurationList = E4B2439A59895E897FF0E533 /* Build configuration list for PBXNativeTarget "RedSiren" */;
			buildPhases = (
				F4F0ADD5BCBE2798676166B4 /* [CP] Check Pods Manifest.lock */,
				E1A5EC4560D091F83DC11375 /* Sources */,
				17C3C3744E3DC17C1662F83C /* Resources */,
				32E37407E09C303EE44B4C29 /* Frameworks */,
				D591286300FFCD79D78BC9BB /* [CP] Embed Pods Frameworks */,
			);
			buildRules = (
				325AF1D41F320967DD15643C /* PBXBuildRule */,
			);
			dependencies = (
				FAC9D7522B2D631900372B53 /* PBXTargetDependency */,
				FAC9D7542B2D631900372B53 /* PBXTargetDependency */,
				FAC9D74D2B2CACE600372B53 /* PBXTargetDependency */,
			);
			name = RedSiren;
			packageProductDependencies = (
				585C187420F6F4F4142F646D /* SharedTypes */,
			);
			productName = RedSiren;
			productReference = 85AA482E612CD48B918497C9 /* RedSiren.app */;
			productType = "com.apple.product-type.application";
		};
/* End PBXNativeTarget section */

/* Begin PBXProject section */
		1BF6618453A1A98F8CF01E3F /* Project object */ = {
			isa = PBXProject;
			attributes = {
				BuildIndependentTargetsInParallel = YES;
				LastUpgradeCheck = 1430;
			};
			buildConfigurationList = 10A7DA8EB465ED1610BFC66E /* Build configuration list for PBXProject "RedSiren" */;
			compatibilityVersion = "Xcode 14.0";
			developmentRegion = en;
			hasScannedForEncodings = 0;
			knownRegions = (
				Base,
				en,
			);
			mainGroup = C4A5B9BF461AAFDF4CBFCCBD;
			productRefGroup = D3FCB02205D19ED1EDA7794F /* Products */;
			projectDirPath = "";
			projectReferences = (
				{
					ProductGroup = FAC9D7322B2CA41200372B53 /* Products */;
					ProjectRef = FAC9D7312B2CA41200372B53 /* uniffi-bindgen.xcodeproj */;
				},
			);
			projectRoot = "";
			targets = (
				29E68E98E1C7D4DB6459D09A /* RedSiren */,
			);
		};
/* End PBXProject section */

/* Begin PBXReferenceProxy section */
		FAC9D73C2B2CA41300372B53 /* uniffi-bindgen */ = {
			isa = PBXReferenceProxy;
			fileType = "compiled.mach-o.executable";
			path = "uniffi-bindgen";
			remoteRef = FAC9D73B2B2CA41300372B53 /* PBXContainerItemProxy */;
			sourceTree = BUILT_PRODUCTS_DIR;
		};
		FAC9D7492B2CACE200372B53 /* libffirs_static.a */ = {
			isa = PBXReferenceProxy;
			fileType = archive.ar;
			path = libffirs_static.a;
			remoteRef = FAC9D7482B2CACE200372B53 /* PBXContainerItemProxy */;
			sourceTree = BUILT_PRODUCTS_DIR;
		};
		FAC9D74B2B2CACE200372B53 /* ffirs.dylib */ = {
			isa = PBXReferenceProxy;
			fileType = "compiled.mach-o.dylib";
			path = ffirs.dylib;
			remoteRef = FAC9D74A2B2CACE200372B53 /* PBXContainerItemProxy */;
			sourceTree = BUILT_PRODUCTS_DIR;
		};
/* End PBXReferenceProxy section */

/* Begin PBXResourcesBuildPhase section */
		17C3C3744E3DC17C1662F83C /* Resources */ = {
			isa = PBXResourcesBuildPhase;
			buildActionMask = 2147483647;
			files = (
				FA1248D42B2853A600D6CEC8 /* project_fonts in Resources */,
				334B08822AC4D801207951A0 /* Assets.xcassets in Resources */,
				831E091105B555E7D0085CF4 /* Preview Assets.xcassets in Resources */,
				FAAA653A2B09EC8300B1F5D1 /* Intro.storyboard in Resources */,
			);
			runOnlyForDeploymentPostprocessing = 0;
		};
/* End PBXResourcesBuildPhase section */

/* Begin PBXShellScriptBuildPhase section */
		D591286300FFCD79D78BC9BB /* [CP] Embed Pods Frameworks */ = {
			isa = PBXShellScriptBuildPhase;
			buildActionMask = 2147483647;
			files = (
			);
			inputFileListPaths = (
				"${PODS_ROOT}/Target Support Files/Pods-RedSiren/Pods-RedSiren-frameworks-${CONFIGURATION}-input-files.xcfilelist",
			);
			name = "[CP] Embed Pods Frameworks";
			outputFileListPaths = (
				"${PODS_ROOT}/Target Support Files/Pods-RedSiren/Pods-RedSiren-frameworks-${CONFIGURATION}-output-files.xcfilelist",
			);
			runOnlyForDeploymentPostprocessing = 0;
			shellPath = /bin/sh;
			shellScript = "\"${PODS_ROOT}/Target Support Files/Pods-RedSiren/Pods-RedSiren-frameworks.sh\"\n";
			showEnvVarsInLog = 0;
		};
		F4F0ADD5BCBE2798676166B4 /* [CP] Check Pods Manifest.lock */ = {
			isa = PBXShellScriptBuildPhase;
			buildActionMask = 2147483647;
			files = (
			);
			inputFileListPaths = (
			);
			inputPaths = (
				"${PODS_PODFILE_DIR_PATH}/Podfile.lock",
				"${PODS_ROOT}/Manifest.lock",
			);
			name = "[CP] Check Pods Manifest.lock";
			outputFileListPaths = (
			);
			outputPaths = (
				"$(DERIVED_FILE_DIR)/Pods-RedSiren-checkManifestLockResult.txt",
			);
			runOnlyForDeploymentPostprocessing = 0;
			shellPath = /bin/sh;
			shellScript = "diff \"${PODS_PODFILE_DIR_PATH}/Podfile.lock\" \"${PODS_ROOT}/Manifest.lock\" > /dev/null\nif [ $? != 0 ] ; then\n    # print error to STDERR\n    echo \"error: The sandbox is not in sync with the Podfile.lock. Run 'pod install' or update your CocoaPods installation.\" >&2\n    exit 1\nfi\n# This output is used by Xcode 'outputs' to avoid re-running this script phase.\necho \"SUCCESS\" > \"${SCRIPT_OUTPUT_FILE_0}\"\n";
			showEnvVarsInLog = 0;
		};
/* End PBXShellScriptBuildPhase section */

/* Begin PBXSourcesBuildPhase section */
		E1A5EC4560D091F83DC11375 /* Sources */ = {
			isa = PBXSourcesBuildPhase;
			buildActionMask = 2147483647;
			files = (
				FAC9D7452B2CA9D900372B53 /* ffirs.udl in Sources */,
				FA1F7C082B307A34001FABAC /* RedCardView.swift in Sources */,
				FA3CD9922B19D3010002E8FF /* Playback.swift in Sources */,
				91A375A39D8A4F827B873AF3 /* RedSirenApp.swift in Sources */,
				5CB93AF904772A9440AC765F /* ContentView.swift in Sources */,
				FA1F7C062B306D43001FABAC /* AboutView.swift in Sources */,
				FAAA65362B09DFB500B1F5D1 /* IntroView.swift in Sources */,
				FA1248D22B279BDB00D6CEC8 /* MenuView.swift in Sources */,
				7D03E7045F57CA28148D2CA4 /* Core.swift in Sources */,
				FAAA65382B09E0E100B1F5D1 /* InstrumentView.swift in Sources */,
				FAAA653C2B0A23E500B1F5D1 /* AnimationClock.swift in Sources */,
			);
			runOnlyForDeploymentPostprocessing = 0;
		};
/* End PBXSourcesBuildPhase section */

/* Begin PBXTargetDependency section */
		FAC9D74D2B2CACE600372B53 /* PBXTargetDependency */ = {
			isa = PBXTargetDependency;
			name = "ffirs-staticlib";
			targetProxy = FAC9D74C2B2CACE600372B53 /* PBXContainerItemProxy */;
		};
		FAC9D7522B2D631900372B53 /* PBXTargetDependency */ = {
			isa = PBXTargetDependency;
			name = "ffirs-cdylib";
			targetProxy = FAC9D7512B2D631900372B53 /* PBXContainerItemProxy */;
		};
		FAC9D7542B2D631900372B53 /* PBXTargetDependency */ = {
			isa = PBXTargetDependency;
			name = "uniffi-bindgen-bin";
			targetProxy = FAC9D7532B2D631900372B53 /* PBXContainerItemProxy */;
		};
/* End PBXTargetDependency section */

/* Begin XCBuildConfiguration section */
		00C10B6209E55F190CAFDF25 /* Debug */ = {
			isa = XCBuildConfiguration;
			buildSettings = {
				ALWAYS_SEARCH_USER_PATHS = NO;
				CLANG_ANALYZER_NONNULL = YES;
				CLANG_ANALYZER_NUMBER_OBJECT_CONVERSION = YES_AGGRESSIVE;
				CLANG_CXX_LANGUAGE_STANDARD = "gnu++14";
				CLANG_CXX_LIBRARY = "libc++";
				CLANG_ENABLE_MODULES = YES;
				CLANG_ENABLE_OBJC_ARC = YES;
				CLANG_ENABLE_OBJC_WEAK = YES;
				CLANG_WARN_BLOCK_CAPTURE_AUTORELEASING = YES;
				CLANG_WARN_BOOL_CONVERSION = YES;
				CLANG_WARN_COMMA = YES;
				CLANG_WARN_CONSTANT_CONVERSION = YES;
				CLANG_WARN_DEPRECATED_OBJC_IMPLEMENTATIONS = YES;
				CLANG_WARN_DIRECT_OBJC_ISA_USAGE = YES_ERROR;
				CLANG_WARN_DOCUMENTATION_COMMENTS = YES;
				CLANG_WARN_EMPTY_BODY = YES;
				CLANG_WARN_ENUM_CONVERSION = YES;
				CLANG_WARN_INFINITE_RECURSION = YES;
				CLANG_WARN_INT_CONVERSION = YES;
				CLANG_WARN_NON_LITERAL_NULL_CONVERSION = YES;
				CLANG_WARN_OBJC_IMPLICIT_RETAIN_SELF = YES;
				CLANG_WARN_OBJC_LITERAL_CONVERSION = YES;
				CLANG_WARN_OBJC_ROOT_CLASS = YES_ERROR;
				CLANG_WARN_QUOTED_INCLUDE_IN_FRAMEWORK_HEADER = YES;
				CLANG_WARN_RANGE_LOOP_ANALYSIS = YES;
				CLANG_WARN_STRICT_PROTOTYPES = YES;
				CLANG_WARN_SUSPICIOUS_MOVE = YES;
				CLANG_WARN_UNGUARDED_AVAILABILITY = YES_AGGRESSIVE;
				CLANG_WARN_UNREACHABLE_CODE = YES;
				CLANG_WARN__DUPLICATE_METHOD_MATCH = YES;
				COPY_PHASE_STRIP = NO;
				DEBUG_INFORMATION_FORMAT = dwarf;
				ENABLE_STRICT_OBJC_MSGSEND = YES;
				ENABLE_TESTABILITY = YES;
				GCC_C_LANGUAGE_STANDARD = gnu11;
				GCC_DYNAMIC_NO_PIC = NO;
				GCC_NO_COMMON_BLOCKS = YES;
				GCC_OPTIMIZATION_LEVEL = 0;
				GCC_PREPROCESSOR_DEFINITIONS = (
					"$(inherited)",
					"DEBUG=1",
				);
				GCC_WARN_64_TO_32_BIT_CONVERSION = YES;
				GCC_WARN_ABOUT_RETURN_TYPE = YES_ERROR;
				GCC_WARN_UNDECLARED_SELECTOR = YES;
				GCC_WARN_UNINITIALIZED_AUTOS = YES_AGGRESSIVE;
				GCC_WARN_UNUSED_FUNCTION = YES;
				GCC_WARN_UNUSED_VARIABLE = YES;
				IPHONEOS_DEPLOYMENT_TARGET = 15.0;
				MTL_ENABLE_DEBUG_INFO = INCLUDE_SOURCE;
				MTL_FAST_MATH = YES;
				ONLY_ACTIVE_ARCH = YES;
				PRODUCT_NAME = "$(TARGET_NAME)";
				SDKROOT = iphoneos;
				SWIFT_ACTIVE_COMPILATION_CONDITIONS = DEBUG;
				SWIFT_OPTIMIZATION_LEVEL = "-Onone";
				SWIFT_VERSION = 5.0;
			};
			name = Debug;
		};
		729C36980AF4E7BF5212B68E /* Release */ = {
			isa = XCBuildConfiguration;
			buildSettings = {
				ALWAYS_SEARCH_USER_PATHS = NO;
				CLANG_ANALYZER_NONNULL = YES;
				CLANG_ANALYZER_NUMBER_OBJECT_CONVERSION = YES_AGGRESSIVE;
				CLANG_CXX_LANGUAGE_STANDARD = "gnu++14";
				CLANG_CXX_LIBRARY = "libc++";
				CLANG_ENABLE_MODULES = YES;
				CLANG_ENABLE_OBJC_ARC = YES;
				CLANG_ENABLE_OBJC_WEAK = YES;
				CLANG_WARN_BLOCK_CAPTURE_AUTORELEASING = YES;
				CLANG_WARN_BOOL_CONVERSION = YES;
				CLANG_WARN_COMMA = YES;
				CLANG_WARN_CONSTANT_CONVERSION = YES;
				CLANG_WARN_DEPRECATED_OBJC_IMPLEMENTATIONS = YES;
				CLANG_WARN_DIRECT_OBJC_ISA_USAGE = YES_ERROR;
				CLANG_WARN_DOCUMENTATION_COMMENTS = YES;
				CLANG_WARN_EMPTY_BODY = YES;
				CLANG_WARN_ENUM_CONVERSION = YES;
				CLANG_WARN_INFINITE_RECURSION = YES;
				CLANG_WARN_INT_CONVERSION = YES;
				CLANG_WARN_NON_LITERAL_NULL_CONVERSION = YES;
				CLANG_WARN_OBJC_IMPLICIT_RETAIN_SELF = YES;
				CLANG_WARN_OBJC_LITERAL_CONVERSION = YES;
				CLANG_WARN_OBJC_ROOT_CLASS = YES_ERROR;
				CLANG_WARN_QUOTED_INCLUDE_IN_FRAMEWORK_HEADER = YES;
				CLANG_WARN_RANGE_LOOP_ANALYSIS = YES;
				CLANG_WARN_STRICT_PROTOTYPES = YES;
				CLANG_WARN_SUSPICIOUS_MOVE = YES;
				CLANG_WARN_UNGUARDED_AVAILABILITY = YES_AGGRESSIVE;
				CLANG_WARN_UNREACHABLE_CODE = YES;
				CLANG_WARN__DUPLICATE_METHOD_MATCH = YES;
				COPY_PHASE_STRIP = NO;
				DEBUG_INFORMATION_FORMAT = "dwarf-with-dsym";
				ENABLE_NS_ASSERTIONS = NO;
				ENABLE_STRICT_OBJC_MSGSEND = YES;
				GCC_C_LANGUAGE_STANDARD = gnu11;
				GCC_NO_COMMON_BLOCKS = YES;
				GCC_WARN_64_TO_32_BIT_CONVERSION = YES;
				GCC_WARN_ABOUT_RETURN_TYPE = YES_ERROR;
				GCC_WARN_UNDECLARED_SELECTOR = YES;
				GCC_WARN_UNINITIALIZED_AUTOS = YES_AGGRESSIVE;
				GCC_WARN_UNUSED_FUNCTION = YES;
				GCC_WARN_UNUSED_VARIABLE = YES;
				IPHONEOS_DEPLOYMENT_TARGET = 15.0;
				MTL_ENABLE_DEBUG_INFO = NO;
				MTL_FAST_MATH = YES;
				PRODUCT_NAME = "$(TARGET_NAME)";
				SDKROOT = iphoneos;
				SWIFT_COMPILATION_MODE = wholemodule;
				SWIFT_OPTIMIZATION_LEVEL = "-O";
				SWIFT_VERSION = 5.0;
			};
			name = Release;
		};
		9C50312AAA0AD55228C5C641 /* Release */ = {
			isa = XCBuildConfiguration;
			baseConfigurationReference = 457F08D9BCEE7D38DA310B0D /* Pods-RedSiren.release.xcconfig */;
			buildSettings = {
				ALWAYS_EMBED_SWIFT_STANDARD_LIBRARIES = "$(inherited)";
				ASSETCATALOG_COMPILER_APPICON_NAME = AppIcon;
				ASSETCATALOG_COMPILER_INCLUDE_ALL_APPICON_ASSETS = YES;
				BUILD_TYPE = Release;
				CARGO_BUILD_TYPE = release;
				CODE_SIGN_ENTITLEMENTS = RedSiren/RedSiren.entitlements;
				CODE_SIGN_IDENTITY = "Apple Development";
				CODE_SIGN_STYLE = Automatic;
				DEVELOPMENT_TEAM = M59X77GZ2V;
				INFOPLIST_FILE = RedSiren/Info.plist;
				INFOPLIST_KEY_CFBundleDisplayName = "Red Siren";
				INFOPLIST_KEY_LSApplicationCategoryType = "public.app-category.music";
				IPHONEOS_DEPLOYMENT_TARGET = 15.6;
				LD_RUNPATH_SEARCH_PATHS = (
					"$(inherited)",
					"@executable_path/Frameworks",
				);
				LINK_WITH_STANDARD_LIBRARIES = "$(inherited)";
				MARKETING_VERSION = 1;
				ONLY_ACTIVE_ARCH = YES;
				OTHER_LDFLAGS = (
					"-w",
					"-ObjC",
					"$(inherited)",
				);
				PRODUCT_BUNDLE_IDENTIFIER = com.anvlkv.redsiren.RedSiren;
				PROVISIONING_PROFILE_SPECIFIER = "";
				SDKROOT = iphoneos;
				SWIFT_OBJC_BRIDGING_HEADER = generated/ffirsFFI.h;
				TARGETED_DEVICE_FAMILY = "1,2";
			};
			name = Release;
		};
		D70F62F9308AA2CA3466EB5C /* Debug */ = {
			isa = XCBuildConfiguration;
			baseConfigurationReference = CB737D623C3D7CA99A86C4B0 /* Pods-RedSiren.debug.xcconfig */;
			buildSettings = {
				ALWAYS_EMBED_SWIFT_STANDARD_LIBRARIES = "$(inherited)";
				ASSETCATALOG_COMPILER_APPICON_NAME = AppIcon;
				ASSETCATALOG_COMPILER_INCLUDE_ALL_APPICON_ASSETS = YES;
				BUILD_TYPE = Debug;
				CARGO_BUILD_TYPE = debug;
				CODE_SIGN_ENTITLEMENTS = RedSiren/RedSiren.entitlements;
				CODE_SIGN_IDENTITY = "Apple Development";
				CODE_SIGN_STYLE = Automatic;
				DEVELOPMENT_TEAM = M59X77GZ2V;
				INFOPLIST_FILE = RedSiren/Info.plist;
				INFOPLIST_KEY_CFBundleDisplayName = "Red Siren";
				INFOPLIST_KEY_LSApplicationCategoryType = "public.app-category.music";
				IPHONEOS_DEPLOYMENT_TARGET = 15.6;
				LD_RUNPATH_SEARCH_PATHS = (
					"$(inherited)",
					"@executable_path/Frameworks",
				);
				LINK_WITH_STANDARD_LIBRARIES = "$(inherited)";
				MARKETING_VERSION = 1;
				OTHER_LDFLAGS = (
					"-w",
					"-ObjC",
					"$(inherited)",
				);
				PRODUCT_BUNDLE_IDENTIFIER = com.anvlkv.redsiren.RedSiren;
				PROVISIONING_PROFILE_SPECIFIER = "";
				SDKROOT = iphoneos;
				SWIFT_OBJC_BRIDGING_HEADER = generated/ffirsFFI.h;
				TARGETED_DEVICE_FAMILY = "1,2";
			};
			name = Debug;
		};
/* End XCBuildConfiguration section */

/* Begin XCConfigurationList section */
		10A7DA8EB465ED1610BFC66E /* Build configuration list for PBXProject "RedSiren" */ = {
			isa = XCConfigurationList;
			buildConfigurations = (
				00C10B6209E55F190CAFDF25 /* Debug */,
				729C36980AF4E7BF5212B68E /* Release */,
			);
			defaultConfigurationIsVisible = 0;
			defaultConfigurationName = Debug;
		};
		E4B2439A59895E897FF0E533 /* Build configuration list for PBXNativeTarget "RedSiren" */ = {
			isa = XCConfigurationList;
			buildConfigurations = (
				D70F62F9308AA2CA3466EB5C /* Debug */,
				9C50312AAA0AD55228C5C641 /* Release */,
			);
			defaultConfigurationIsVisible = 0;
			defaultConfigurationName = Debug;
		};
/* End XCConfigurationList section */

/* Begin XCSwiftPackageProductDependency section */
		585C187420F6F4F4142F646D /* SharedTypes */ = {
			isa = XCSwiftPackageProductDependency;
			productName = SharedTypes;
		};
/* End XCSwiftPackageProductDependency section */
	};
	rootObject = 1BF6618453A1A98F8CF01E3F /* Project object */;
}
