PODS:
  - UIScreenExtension (0.0.11)

DEPENDENCIES:
  - UIScreenExtension (from `https://github.com/marchv/UIScreenExtension`)

EXTERNAL SOURCES:
  UIScreenExtension:
    :git: https://github.com/marchv/UIScreenExtension

CHECKOUT OPTIONS:
  UIScreenExtension:
    :commit: b3bc0fbeb2b0d3a6fb74d1161e1ce9d99f3c070e
    :git: https://github.com/marchv/UIScreenExtension

SPEC CHECKSUMS:
  UIScreenExtension: 32648de7d58896d842a803d70e70665a8d729d3c

PODFILE CHECKSUM: 171ec9efaf3fdff9750a310418c2d037ff12893d

COCOAPODS: 1.15.2
